// !$*UTF8*$!
{
	archiveVersion = 1;
	classes = {
	};
	objectVersion = 46;
	objects = {

/* Begin PBXBuildFile section */
		1B4301BBD312795ABB67737F /* Pods_ChorusRFLaptimer.framework in Frameworks */ = {isa = PBXBuildFile; fileRef = A5A3ADA269E6D2DC374923F7 /* Pods_ChorusRFLaptimer.framework */; };
		7E45655823688D270040DAFA /* Constants.swift in Sources */ = {isa = PBXBuildFile; fileRef = 7E45651B23688D270040DAFA /* Constants.swift */; };
		7E45655923688D270040DAFA /* Identifiers.swift in Sources */ = {isa = PBXBuildFile; fileRef = 7E45651C23688D270040DAFA /* Identifiers.swift */; };
		7E45655A23688D270040DAFA /* CRFData.swift in Sources */ = {isa = PBXBuildFile; fileRef = 7E45651D23688D270040DAFA /* CRFData.swift */; };
		7E45655B23688D270040DAFA /* CSVExporter.swift in Sources */ = {isa = PBXBuildFile; fileRef = 7E45651F23688D270040DAFA /* CSVExporter.swift */; };
		7E45655C23688D270040DAFA /* CRFUtility.swift in Sources */ = {isa = PBXBuildFile; fileRef = 7E45652023688D270040DAFA /* CRFUtility.swift */; };
		7E45655D23688D270040DAFA /* CRFMessageParser.swift in Sources */ = {isa = PBXBuildFile; fileRef = 7E45652223688D270040DAFA /* CRFMessageParser.swift */; };
		7E45655E23688D270040DAFA /* UDPBroadcastConnectionError.swift in Sources */ = {isa = PBXBuildFile; fileRef = 7E45652423688D270040DAFA /* UDPBroadcastConnectionError.swift */; };
		7E45655F23688D270040DAFA /* UDPBroadcastConnection.swift in Sources */ = {isa = PBXBuildFile; fileRef = 7E45652623688D270040DAFA /* UDPBroadcastConnection.swift */; };
		7E45656023688D270040DAFA /* CRFUDPManager.swift in Sources */ = {isa = PBXBuildFile; fileRef = 7E45652723688D270040DAFA /* CRFUDPManager.swift */; };
		7E45656123688D270040DAFA /* CRFSendCommandManager.swift in Sources */ = {isa = PBXBuildFile; fileRef = 7E45652823688D270040DAFA /* CRFSendCommandManager.swift */; };
		7E45656223688D270040DAFA /* CRFBTManager.swift in Sources */ = {isa = PBXBuildFile; fileRef = 7E45652923688D270040DAFA /* CRFBTManager.swift */; };
		7E45656323688D270040DAFA /* BluetoothSerial.swift in Sources */ = {isa = PBXBuildFile; fileRef = 7E45652B23688D270040DAFA /* BluetoothSerial.swift */; };
		7E45656423688D270040DAFA /* AppDelegate.swift in Sources */ = {isa = PBXBuildFile; fileRef = 7E45652C23688D270040DAFA /* AppDelegate.swift */; };
		7E45656523688D270040DAFA /* CRFLap.swift in Sources */ = {isa = PBXBuildFile; fileRef = 7E45652E23688D270040DAFA /* CRFLap.swift */; };
		7E45656623688D270040DAFA /* CRFPilot.swift in Sources */ = {isa = PBXBuildFile; fileRef = 7E45652F23688D270040DAFA /* CRFPilot.swift */; };
		7E45656823688D270040DAFA /* FreqTVC.xib in Resources */ = {isa = PBXBuildFile; fileRef = 7E45653523688D270040DAFA /* FreqTVC.xib */; };
		7E45656923688D270040DAFA /* RacePilotTVC.xib in Resources */ = {isa = PBXBuildFile; fileRef = 7E45653623688D270040DAFA /* RacePilotTVC.xib */; };
		7E45656A23688D270040DAFA /* PilotTVC.xib in Resources */ = {isa = PBXBuildFile; fileRef = 7E45653723688D270040DAFA /* PilotTVC.xib */; };
		7E45656B23688D270040DAFA /* RacePilotLapTVC.xib in Resources */ = {isa = PBXBuildFile; fileRef = 7E45653823688D270040DAFA /* RacePilotLapTVC.xib */; };
		7E45656C23688D270040DAFA /* BluetoothTVC.xib in Resources */ = {isa = PBXBuildFile; fileRef = 7E45653923688D270040DAFA /* BluetoothTVC.xib */; };
		7E45656D23688D270040DAFA /* LaunchScreen.storyboard in Resources */ = {isa = PBXBuildFile; fileRef = 7E45653B23688D270040DAFA /* LaunchScreen.storyboard */; };
		7E45656E23688D270040DAFA /* Main.storyboard in Resources */ = {isa = PBXBuildFile; fileRef = 7E45653C23688D270040DAFA /* Main.storyboard */; };
		7E45656F23688D270040DAFA /* SplashVC.swift in Sources */ = {isa = PBXBuildFile; fileRef = 7E45653F23688D270040DAFA /* SplashVC.swift */; };
		7E45657023688D270040DAFA /* FreqVC.swift in Sources */ = {isa = PBXBuildFile; fileRef = 7E45654123688D270040DAFA /* FreqVC.swift */; };
		7E45657123688D270040DAFA /* FreqTVC.swift in Sources */ = {isa = PBXBuildFile; fileRef = 7E45654223688D270040DAFA /* FreqTVC.swift */; };
		7E45657223688D270040DAFA /* SpectrumVC.swift in Sources */ = {isa = PBXBuildFile; fileRef = 7E45654423688D270040DAFA /* SpectrumVC.swift */; };
		7E45657323688D270040DAFA /* SetupVC.swift in Sources */ = {isa = PBXBuildFile; fileRef = 7E45654523688D270040DAFA /* SetupVC.swift */; };
		7E45657423688D270040DAFA /* PilotVC.swift in Sources */ = {isa = PBXBuildFile; fileRef = 7E45654723688D270040DAFA /* PilotVC.swift */; };
		7E45657523688D270040DAFA /* PilotTVC.swift in Sources */ = {isa = PBXBuildFile; fileRef = 7E45654823688D270040DAFA /* PilotTVC.swift */; };
		7E45657623688D270040DAFA /* GraphVC.swift in Sources */ = {isa = PBXBuildFile; fileRef = 7E45654923688D270040DAFA /* GraphVC.swift */; };
		7E45657723688D270040DAFA /* RacePilotTVC.swift in Sources */ = {isa = PBXBuildFile; fileRef = 7E45654B23688D270040DAFA /* RacePilotTVC.swift */; };
		7E45657823688D270040DAFA /* RaceVC.swift in Sources */ = {isa = PBXBuildFile; fileRef = 7E45654C23688D270040DAFA /* RaceVC.swift */; };
		7E45657923688D270040DAFA /* RacePilotLapTVC.swift in Sources */ = {isa = PBXBuildFile; fileRef = 7E45654D23688D270040DAFA /* RacePilotLapTVC.swift */; };
		7E45657A23688D270040DAFA /* BluetoothTVC.swift in Sources */ = {isa = PBXBuildFile; fileRef = 7E45654F23688D270040DAFA /* BluetoothTVC.swift */; };
		7E45657B23688D270040DAFA /* ConnectVC.swift in Sources */ = {isa = PBXBuildFile; fileRef = 7E45655023688D270040DAFA /* ConnectVC.swift */; };
		7E45657C23688D270040DAFA /* Assets.xcassets in Resources */ = {isa = PBXBuildFile; fileRef = 7E45655323688D270040DAFA /* Assets.xcassets */; };
		7E45657D23688D270040DAFA /* beep2.mp3 in Resources */ = {isa = PBXBuildFile; fileRef = 7E45655523688D270040DAFA /* beep2.mp3 */; };
		7E45657E23688D270040DAFA /* beep1.mp3 in Resources */ = {isa = PBXBuildFile; fileRef = 7E45655623688D270040DAFA /* beep1.mp3 */; };
		7E45658023688D350040DAFA /* GoogleService-Info.plist in Resources */ = {isa = PBXBuildFile; fileRef = 7E45657F23688D350040DAFA /* GoogleService-Info.plist */; };
		7E45658223688D3B0040DAFA /* ServiceAccount.json in Resources */ = {isa = PBXBuildFile; fileRef = 7E45658123688D3B0040DAFA /* ServiceAccount.json */; };
/* End PBXBuildFile section */

/* Begin PBXFileReference section */
		0E4A5C360833742CD9915EC7 /* Pods-ChorusRFLaptimer.debug.xcconfig */ = {isa = PBXFileReference; includeInIndex = 1; lastKnownFileType = text.xcconfig; name = "Pods-ChorusRFLaptimer.debug.xcconfig"; path = "Pods/Target Support Files/Pods-ChorusRFLaptimer/Pods-ChorusRFLaptimer.debug.xcconfig"; sourceTree = "<group>"; };
		483B357FE00DBB3AF2C62157 /* Pods-ChorusRFLaptimer.release.xcconfig */ = {isa = PBXFileReference; includeInIndex = 1; lastKnownFileType = text.xcconfig; name = "Pods-ChorusRFLaptimer.release.xcconfig"; path = "Pods/Target Support Files/Pods-ChorusRFLaptimer/Pods-ChorusRFLaptimer.release.xcconfig"; sourceTree = "<group>"; };
		7E45651B23688D270040DAFA /* Constants.swift */ = {isa = PBXFileReference; fileEncoding = 4; lastKnownFileType = sourcecode.swift; path = Constants.swift; sourceTree = "<group>"; };
		7E45651C23688D270040DAFA /* Identifiers.swift */ = {isa = PBXFileReference; fileEncoding = 4; lastKnownFileType = sourcecode.swift; path = Identifiers.swift; sourceTree = "<group>"; };
		7E45651D23688D270040DAFA /* CRFData.swift */ = {isa = PBXFileReference; fileEncoding = 4; lastKnownFileType = sourcecode.swift; path = CRFData.swift; sourceTree = "<group>"; };
		7E45651F23688D270040DAFA /* CSVExporter.swift */ = {isa = PBXFileReference; fileEncoding = 4; lastKnownFileType = sourcecode.swift; path = CSVExporter.swift; sourceTree = "<group>"; };
		7E45652023688D270040DAFA /* CRFUtility.swift */ = {isa = PBXFileReference; fileEncoding = 4; lastKnownFileType = sourcecode.swift; path = CRFUtility.swift; sourceTree = "<group>"; };
		7E45652223688D270040DAFA /* CRFMessageParser.swift */ = {isa = PBXFileReference; fileEncoding = 4; lastKnownFileType = sourcecode.swift; path = CRFMessageParser.swift; sourceTree = "<group>"; };
		7E45652423688D270040DAFA /* UDPBroadcastConnectionError.swift */ = {isa = PBXFileReference; fileEncoding = 4; lastKnownFileType = sourcecode.swift; path = UDPBroadcastConnectionError.swift; sourceTree = "<group>"; };
		7E45652523688D270040DAFA /* UDPBroadcast.h */ = {isa = PBXFileReference; fileEncoding = 4; lastKnownFileType = sourcecode.c.h; path = UDPBroadcast.h; sourceTree = "<group>"; };
		7E45652623688D270040DAFA /* UDPBroadcastConnection.swift */ = {isa = PBXFileReference; fileEncoding = 4; lastKnownFileType = sourcecode.swift; path = UDPBroadcastConnection.swift; sourceTree = "<group>"; };
		7E45652723688D270040DAFA /* CRFUDPManager.swift */ = {isa = PBXFileReference; fileEncoding = 4; lastKnownFileType = sourcecode.swift; path = CRFUDPManager.swift; sourceTree = "<group>"; };
		7E45652823688D270040DAFA /* CRFSendCommandManager.swift */ = {isa = PBXFileReference; fileEncoding = 4; lastKnownFileType = sourcecode.swift; path = CRFSendCommandManager.swift; sourceTree = "<group>"; };
		7E45652923688D270040DAFA /* CRFBTManager.swift */ = {isa = PBXFileReference; fileEncoding = 4; lastKnownFileType = sourcecode.swift; path = CRFBTManager.swift; sourceTree = "<group>"; };
		7E45652B23688D270040DAFA /* BluetoothSerial.swift */ = {isa = PBXFileReference; fileEncoding = 4; lastKnownFileType = sourcecode.swift; path = BluetoothSerial.swift; sourceTree = "<group>"; };
		7E45652C23688D270040DAFA /* AppDelegate.swift */ = {isa = PBXFileReference; fileEncoding = 4; lastKnownFileType = sourcecode.swift; path = AppDelegate.swift; sourceTree = "<group>"; };
		7E45652E23688D270040DAFA /* CRFLap.swift */ = {isa = PBXFileReference; fileEncoding = 4; lastKnownFileType = sourcecode.swift; path = CRFLap.swift; sourceTree = "<group>"; };
		7E45652F23688D270040DAFA /* CRFPilot.swift */ = {isa = PBXFileReference; fileEncoding = 4; lastKnownFileType = sourcecode.swift; path = CRFPilot.swift; sourceTree = "<group>"; };
		7E45653223688D270040DAFA /* Info.plist */ = {isa = PBXFileReference; fileEncoding = 4; lastKnownFileType = text.plist.xml; path = Info.plist; sourceTree = "<group>"; };
		7E45653523688D270040DAFA /* FreqTVC.xib */ = {isa = PBXFileReference; fileEncoding = 4; lastKnownFileType = file.xib; path = FreqTVC.xib; sourceTree = "<group>"; };
		7E45653623688D270040DAFA /* RacePilotTVC.xib */ = {isa = PBXFileReference; fileEncoding = 4; lastKnownFileType = file.xib; path = RacePilotTVC.xib; sourceTree = "<group>"; };
		7E45653723688D270040DAFA /* PilotTVC.xib */ = {isa = PBXFileReference; fileEncoding = 4; lastKnownFileType = file.xib; path = PilotTVC.xib; sourceTree = "<group>"; };
		7E45653823688D270040DAFA /* RacePilotLapTVC.xib */ = {isa = PBXFileReference; fileEncoding = 4; lastKnownFileType = file.xib; path = RacePilotLapTVC.xib; sourceTree = "<group>"; };
		7E45653923688D270040DAFA /* BluetoothTVC.xib */ = {isa = PBXFileReference; fileEncoding = 4; lastKnownFileType = file.xib; path = BluetoothTVC.xib; sourceTree = "<group>"; };
		7E45653B23688D270040DAFA /* LaunchScreen.storyboard */ = {isa = PBXFileReference; fileEncoding = 4; lastKnownFileType = file.storyboard; path = LaunchScreen.storyboard; sourceTree = "<group>"; };
		7E45653C23688D270040DAFA /* Main.storyboard */ = {isa = PBXFileReference; fileEncoding = 4; lastKnownFileType = file.storyboard; path = Main.storyboard; sourceTree = "<group>"; };
		7E45653F23688D270040DAFA /* SplashVC.swift */ = {isa = PBXFileReference; fileEncoding = 4; lastKnownFileType = sourcecode.swift; path = SplashVC.swift; sourceTree = "<group>"; };
		7E45654123688D270040DAFA /* FreqVC.swift */ = {isa = PBXFileReference; fileEncoding = 4; lastKnownFileType = sourcecode.swift; path = FreqVC.swift; sourceTree = "<group>"; };
		7E45654223688D270040DAFA /* FreqTVC.swift */ = {isa = PBXFileReference; fileEncoding = 4; lastKnownFileType = sourcecode.swift; path = FreqTVC.swift; sourceTree = "<group>"; };
		7E45654423688D270040DAFA /* SpectrumVC.swift */ = {isa = PBXFileReference; fileEncoding = 4; lastKnownFileType = sourcecode.swift; path = SpectrumVC.swift; sourceTree = "<group>"; };
		7E45654523688D270040DAFA /* SetupVC.swift */ = {isa = PBXFileReference; fileEncoding = 4; lastKnownFileType = sourcecode.swift; path = SetupVC.swift; sourceTree = "<group>"; };
		7E45654723688D270040DAFA /* PilotVC.swift */ = {isa = PBXFileReference; fileEncoding = 4; lastKnownFileType = sourcecode.swift; path = PilotVC.swift; sourceTree = "<group>"; };
		7E45654823688D270040DAFA /* PilotTVC.swift */ = {isa = PBXFileReference; fileEncoding = 4; lastKnownFileType = sourcecode.swift; path = PilotTVC.swift; sourceTree = "<group>"; };
		7E45654923688D270040DAFA /* GraphVC.swift */ = {isa = PBXFileReference; fileEncoding = 4; lastKnownFileType = sourcecode.swift; path = GraphVC.swift; sourceTree = "<group>"; };
		7E45654B23688D270040DAFA /* RacePilotTVC.swift */ = {isa = PBXFileReference; fileEncoding = 4; lastKnownFileType = sourcecode.swift; path = RacePilotTVC.swift; sourceTree = "<group>"; };
		7E45654C23688D270040DAFA /* RaceVC.swift */ = {isa = PBXFileReference; fileEncoding = 4; lastKnownFileType = sourcecode.swift; path = RaceVC.swift; sourceTree = "<group>"; };
		7E45654D23688D270040DAFA /* RacePilotLapTVC.swift */ = {isa = PBXFileReference; fileEncoding = 4; lastKnownFileType = sourcecode.swift; path = RacePilotLapTVC.swift; sourceTree = "<group>"; };
		7E45654F23688D270040DAFA /* BluetoothTVC.swift */ = {isa = PBXFileReference; fileEncoding = 4; lastKnownFileType = sourcecode.swift; path = BluetoothTVC.swift; sourceTree = "<group>"; };
		7E45655023688D270040DAFA /* ConnectVC.swift */ = {isa = PBXFileReference; fileEncoding = 4; lastKnownFileType = sourcecode.swift; path = ConnectVC.swift; sourceTree = "<group>"; };
		7E45655323688D270040DAFA /* Assets.xcassets */ = {isa = PBXFileReference; lastKnownFileType = folder.assetcatalog; path = Assets.xcassets; sourceTree = "<group>"; };
		7E45655523688D270040DAFA /* beep2.mp3 */ = {isa = PBXFileReference; lastKnownFileType = audio.mp3; path = beep2.mp3; sourceTree = "<group>"; };
		7E45655623688D270040DAFA /* beep1.mp3 */ = {isa = PBXFileReference; lastKnownFileType = audio.mp3; path = beep1.mp3; sourceTree = "<group>"; };
		7E45655723688D270040DAFA /* Chorus Lap.entitlements */ = {isa = PBXFileReference; fileEncoding = 4; lastKnownFileType = text.plist.entitlements; path = "Chorus Lap.entitlements"; sourceTree = "<group>"; };
		7E45657F23688D350040DAFA /* GoogleService-Info.plist */ = {isa = PBXFileReference; lastKnownFileType = text.plist; path = "GoogleService-Info.plist"; sourceTree = SOURCE_ROOT; };
		7E45658123688D3B0040DAFA /* ServiceAccount.json */ = {isa = PBXFileReference; fileEncoding = 4; lastKnownFileType = text.json; name = ServiceAccount.json; path = CrashReportingKey/ServiceAccount.json; sourceTree = SOURCE_ROOT; };
		7E8FA8121F6ACFFD00F979BD /* Chorus Lap.app */ = {isa = PBXFileReference; explicitFileType = wrapper.application; includeInIndex = 0; path = "Chorus Lap.app"; sourceTree = BUILT_PRODUCTS_DIR; };
		A5A3ADA269E6D2DC374923F7 /* Pods_ChorusRFLaptimer.framework */ = {isa = PBXFileReference; explicitFileType = wrapper.framework; includeInIndex = 0; path = Pods_ChorusRFLaptimer.framework; sourceTree = BUILT_PRODUCTS_DIR; };
/* End PBXFileReference section */

/* Begin PBXFrameworksBuildPhase section */
		7E8FA80F1F6ACFFD00F979BD /* Frameworks */ = {
			isa = PBXFrameworksBuildPhase;
			buildActionMask = 2147483647;
			files = (
				1B4301BBD312795ABB67737F /* Pods_ChorusRFLaptimer.framework in Frameworks */,
			);
			runOnlyForDeploymentPostprocessing = 0;
		};
/* End PBXFrameworksBuildPhase section */

/* Begin PBXGroup section */
		19CFB338C546C244E99245CC /* Frameworks */ = {
			isa = PBXGroup;
			children = (
				A5A3ADA269E6D2DC374923F7 /* Pods_ChorusRFLaptimer.framework */,
			);
			name = Frameworks;
			sourceTree = "<group>";
		};
		23BD8977D45C42C04E08DD21 /* Pods */ = {
			isa = PBXGroup;
			children = (
				0E4A5C360833742CD9915EC7 /* Pods-ChorusRFLaptimer.debug.xcconfig */,
				483B357FE00DBB3AF2C62157 /* Pods-ChorusRFLaptimer.release.xcconfig */,
			);
			name = Pods;
			sourceTree = "<group>";
		};
		7E45651923688D270040DAFA /* AppCore */ = {
			isa = PBXGroup;
			children = (
				7E45651A23688D270040DAFA /* Config */,
				7E45651D23688D270040DAFA /* CRFData.swift */,
				7E45651E23688D270040DAFA /* CRFUtility */,
				7E45652123688D270040DAFA /* CRFService */,
				7E45652C23688D270040DAFA /* AppDelegate.swift */,
			);
			path = AppCore;
			sourceTree = "<group>";
		};
		7E45651A23688D270040DAFA /* Config */ = {
			isa = PBXGroup;
			children = (
				7E45651B23688D270040DAFA /* Constants.swift */,
				7E45651C23688D270040DAFA /* Identifiers.swift */,
			);
			path = Config;
			sourceTree = "<group>";
		};
		7E45651E23688D270040DAFA /* CRFUtility */ = {
			isa = PBXGroup;
			children = (
				7E45651F23688D270040DAFA /* CSVExporter.swift */,
				7E45652023688D270040DAFA /* CRFUtility.swift */,
			);
			path = CRFUtility;
			sourceTree = "<group>";
		};
		7E45652123688D270040DAFA /* CRFService */ = {
			isa = PBXGroup;
			children = (
				7E45652223688D270040DAFA /* CRFMessageParser.swift */,
				7E45652323688D270040DAFA /* UDPBroadcast */,
				7E45652723688D270040DAFA /* CRFUDPManager.swift */,
				7E45652823688D270040DAFA /* CRFSendCommandManager.swift */,
				7E45652923688D270040DAFA /* CRFBTManager.swift */,
				7E45652A23688D270040DAFA /* BTSerial */,
			);
			path = CRFService;
			sourceTree = "<group>";
		};
		7E45652323688D270040DAFA /* UDPBroadcast */ = {
			isa = PBXGroup;
			children = (
				7E45652423688D270040DAFA /* UDPBroadcastConnectionError.swift */,
				7E45652523688D270040DAFA /* UDPBroadcast.h */,
				7E45652623688D270040DAFA /* UDPBroadcastConnection.swift */,
			);
			path = UDPBroadcast;
			sourceTree = "<group>";
		};
		7E45652A23688D270040DAFA /* BTSerial */ = {
			isa = PBXGroup;
			children = (
				7E45652B23688D270040DAFA /* BluetoothSerial.swift */,
			);
			path = BTSerial;
			sourceTree = "<group>";
		};
		7E45652D23688D270040DAFA /* Models */ = {
			isa = PBXGroup;
			children = (
				7E45652E23688D270040DAFA /* CRFLap.swift */,
				7E45652F23688D270040DAFA /* CRFPilot.swift */,
			);
			path = Models;
			sourceTree = "<group>";
		};
		7E45653023688D270040DAFA /* Targets */ = {
			isa = PBXGroup;
			children = (
				7E45653123688D270040DAFA /* Dev */,
			);
			path = Targets;
			sourceTree = "<group>";
		};
		7E45653123688D270040DAFA /* Dev */ = {
			isa = PBXGroup;
			children = (
				7E45653223688D270040DAFA /* Info.plist */,
			);
			path = Dev;
			sourceTree = "<group>";
		};
		7E45653323688D270040DAFA /* InterfaceComponents */ = {
			isa = PBXGroup;
			children = (
				7E45653423688D270040DAFA /* Xibs */,
				7E45653A23688D270040DAFA /* Storyboards */,
				7E45653D23688D270040DAFA /* Controllers */,
			);
			path = InterfaceComponents;
			sourceTree = "<group>";
		};
		7E45653423688D270040DAFA /* Xibs */ = {
			isa = PBXGroup;
			children = (
				7E45653523688D270040DAFA /* FreqTVC.xib */,
				7E45653623688D270040DAFA /* RacePilotTVC.xib */,
				7E45653723688D270040DAFA /* PilotTVC.xib */,
				7E45653823688D270040DAFA /* RacePilotLapTVC.xib */,
				7E45653923688D270040DAFA /* BluetoothTVC.xib */,
			);
			path = Xibs;
			sourceTree = "<group>";
		};
		7E45653A23688D270040DAFA /* Storyboards */ = {
			isa = PBXGroup;
			children = (
				7E45653B23688D270040DAFA /* LaunchScreen.storyboard */,
				7E45653C23688D270040DAFA /* Main.storyboard */,
			);
			path = Storyboards;
			sourceTree = "<group>";
		};
		7E45653D23688D270040DAFA /* Controllers */ = {
			isa = PBXGroup;
			children = (
				7E45653E23688D270040DAFA /* Splash */,
				7E45654023688D270040DAFA /* Frequency */,
				7E45654323688D270040DAFA /* Setup */,
				7E45654623688D270040DAFA /* Pilots */,
				7E45654A23688D270040DAFA /* Race */,
				7E45654E23688D270040DAFA /* Connect */,
			);
			path = Controllers;
			sourceTree = "<group>";
		};
		7E45653E23688D270040DAFA /* Splash */ = {
			isa = PBXGroup;
			children = (
				7E45653F23688D270040DAFA /* SplashVC.swift */,
			);
			path = Splash;
			sourceTree = "<group>";
		};
		7E45654023688D270040DAFA /* Frequency */ = {
			isa = PBXGroup;
			children = (
				7E45654123688D270040DAFA /* FreqVC.swift */,
				7E45654223688D270040DAFA /* FreqTVC.swift */,
			);
			path = Frequency;
			sourceTree = "<group>";
		};
		7E45654323688D270040DAFA /* Setup */ = {
			isa = PBXGroup;
			children = (
				7E45654423688D270040DAFA /* SpectrumVC.swift */,
				7E45654523688D270040DAFA /* SetupVC.swift */,
			);
			path = Setup;
			sourceTree = "<group>";
		};
		7E45654623688D270040DAFA /* Pilots */ = {
			isa = PBXGroup;
			children = (
				7E45654723688D270040DAFA /* PilotVC.swift */,
				7E45654823688D270040DAFA /* PilotTVC.swift */,
				7E45654923688D270040DAFA /* GraphVC.swift */,
			);
			path = Pilots;
			sourceTree = "<group>";
		};
		7E45654A23688D270040DAFA /* Race */ = {
			isa = PBXGroup;
			children = (
				7E45654B23688D270040DAFA /* RacePilotTVC.swift */,
				7E45654C23688D270040DAFA /* RaceVC.swift */,
				7E45654D23688D270040DAFA /* RacePilotLapTVC.swift */,
			);
			path = Race;
			sourceTree = "<group>";
		};
		7E45654E23688D270040DAFA /* Connect */ = {
			isa = PBXGroup;
			children = (
				7E45654F23688D270040DAFA /* BluetoothTVC.swift */,
				7E45655023688D270040DAFA /* ConnectVC.swift */,
			);
			path = Connect;
			sourceTree = "<group>";
		};
		7E45655123688D270040DAFA /* Resources */ = {
			isa = PBXGroup;
			children = (
				7E45655223688D270040DAFA /* Images */,
				7E45655423688D270040DAFA /* Audio */,
			);
			path = Resources;
			sourceTree = "<group>";
		};
		7E45655223688D270040DAFA /* Images */ = {
			isa = PBXGroup;
			children = (
				7E45655323688D270040DAFA /* Assets.xcassets */,
			);
			path = Images;
			sourceTree = "<group>";
		};
		7E45655423688D270040DAFA /* Audio */ = {
			isa = PBXGroup;
			children = (
				7E45655523688D270040DAFA /* beep2.mp3 */,
				7E45655623688D270040DAFA /* beep1.mp3 */,
			);
			path = Audio;
			sourceTree = "<group>";
		};
		7E8FA8091F6ACFFD00F979BD = {
			isa = PBXGroup;
			children = (
				7E8FA8141F6ACFFD00F979BD /* ChorusRFLaptimer */,
				7E8FA8131F6ACFFD00F979BD /* Products */,
				23BD8977D45C42C04E08DD21 /* Pods */,
				19CFB338C546C244E99245CC /* Frameworks */,
			);
			sourceTree = "<group>";
		};
		7E8FA8131F6ACFFD00F979BD /* Products */ = {
			isa = PBXGroup;
			children = (
				7E8FA8121F6ACFFD00F979BD /* Chorus Lap.app */,
			);
			name = Products;
			sourceTree = "<group>";
		};
		7E8FA8141F6ACFFD00F979BD /* ChorusRFLaptimer */ = {
			isa = PBXGroup;
			children = (
				7E45655723688D270040DAFA /* Chorus Lap.entitlements */,
				7E45658123688D3B0040DAFA /* ServiceAccount.json */,
				7E45657F23688D350040DAFA /* GoogleService-Info.plist */,
				7E45651923688D270040DAFA /* AppCore */,
				7E45653323688D270040DAFA /* InterfaceComponents */,
				7E45652D23688D270040DAFA /* Models */,
				7E45655123688D270040DAFA /* Resources */,
				7E45653023688D270040DAFA /* Targets */,
			);
			path = ChorusRFLaptimer;
			sourceTree = "<group>";
		};
/* End PBXGroup section */

/* Begin PBXNativeTarget section */
		7E8FA8111F6ACFFD00F979BD /* ChorusRFLaptimer */ = {
			isa = PBXNativeTarget;
			buildConfigurationList = 7E8FA83A1F6ACFFD00F979BD /* Build configuration list for PBXNativeTarget "ChorusRFLaptimer" */;
			buildPhases = (
				3F40CC9075D01F728432A7BE /* [CP] Check Pods Manifest.lock */,
				7E8FA80E1F6ACFFD00F979BD /* Sources */,
				7E8FA80F1F6ACFFD00F979BD /* Frameworks */,
				7E8FA8101F6ACFFD00F979BD /* Resources */,
				8891BD6FCFED4ECB3A650EC8 /* [CP] Embed Pods Frameworks */,
			);
			buildRules = (
			);
			dependencies = (
			);
			name = ChorusRFLaptimer;
			productName = ChorusRFLaptimer;
			productReference = 7E8FA8121F6ACFFD00F979BD /* Chorus Lap.app */;
			productType = "com.apple.product-type.application";
		};
/* End PBXNativeTarget section */

/* Begin PBXProject section */
		7E8FA80A1F6ACFFD00F979BD /* Project object */ = {
			isa = PBXProject;
			attributes = {
				LastSwiftUpdateCheck = 0830;
				LastUpgradeCheck = 0900;
				ORGANIZATIONNAME = Lazar;
				TargetAttributes = {
					7E8FA8111F6ACFFD00F979BD = {
						CreatedOnToolsVersion = 8.3.3;
						DevelopmentTeam = E5FYD94489;
						ProvisioningStyle = Automatic;
						SystemCapabilities = {
							com.apple.AccessWiFi = {
								enabled = 1;
							};
							com.apple.BackgroundModes = {
								enabled = 1;
							};
						};
					};
				};
			};
			buildConfigurationList = 7E8FA80D1F6ACFFD00F979BD /* Build configuration list for PBXProject "ChorusRFLaptimer" */;
			compatibilityVersion = "Xcode 3.2";
			developmentRegion = English;
			hasScannedForEncodings = 0;
			knownRegions = (
				English,
				en,
				Base,
			);
			mainGroup = 7E8FA8091F6ACFFD00F979BD;
			productRefGroup = 7E8FA8131F6ACFFD00F979BD /* Products */;
			projectDirPath = "";
			projectRoot = "";
			targets = (
				7E8FA8111F6ACFFD00F979BD /* ChorusRFLaptimer */,
			);
		};
/* End PBXProject section */

/* Begin PBXResourcesBuildPhase section */
		7E8FA8101F6ACFFD00F979BD /* Resources */ = {
			isa = PBXResourcesBuildPhase;
			buildActionMask = 2147483647;
			files = (
				7E45656923688D270040DAFA /* RacePilotTVC.xib in Resources */,
				7E45656B23688D270040DAFA /* RacePilotLapTVC.xib in Resources */,
				7E45657E23688D270040DAFA /* beep1.mp3 in Resources */,
				7E45656C23688D270040DAFA /* BluetoothTVC.xib in Resources */,
				7E45656E23688D270040DAFA /* Main.storyboard in Resources */,
				7E45658223688D3B0040DAFA /* ServiceAccount.json in Resources */,
				7E45658023688D350040DAFA /* GoogleService-Info.plist in Resources */,
				7E45656D23688D270040DAFA /* LaunchScreen.storyboard in Resources */,
				7E45656A23688D270040DAFA /* PilotTVC.xib in Resources */,
				7E45657C23688D270040DAFA /* Assets.xcassets in Resources */,
				7E45656823688D270040DAFA /* FreqTVC.xib in Resources */,
				7E45657D23688D270040DAFA /* beep2.mp3 in Resources */,
			);
			runOnlyForDeploymentPostprocessing = 0;
		};
/* End PBXResourcesBuildPhase section */

/* Begin PBXShellScriptBuildPhase section */
		3F40CC9075D01F728432A7BE /* [CP] Check Pods Manifest.lock */ = {
			isa = PBXShellScriptBuildPhase;
			buildActionMask = 2147483647;
			files = (
			);
			inputPaths = (
				"${PODS_PODFILE_DIR_PATH}/Podfile.lock",
				"${PODS_ROOT}/Manifest.lock",
			);
			name = "[CP] Check Pods Manifest.lock";
			outputPaths = (
				"$(DERIVED_FILE_DIR)/Pods-ChorusRFLaptimer-checkManifestLockResult.txt",
			);
			runOnlyForDeploymentPostprocessing = 0;
			shellPath = /bin/sh;
			shellScript = "diff \"${PODS_PODFILE_DIR_PATH}/Podfile.lock\" \"${PODS_ROOT}/Manifest.lock\" > /dev/null\nif [ $? != 0 ] ; then\n    # print error to STDERR\n    echo \"error: The sandbox is not in sync with the Podfile.lock. Run 'pod install' or update your CocoaPods installation.\" >&2\n    exit 1\nfi\n# This output is used by Xcode 'outputs' to avoid re-running this script phase.\necho \"SUCCESS\" > \"${SCRIPT_OUTPUT_FILE_0}\"\n";
			showEnvVarsInLog = 0;
		};
		8891BD6FCFED4ECB3A650EC8 /* [CP] Embed Pods Frameworks */ = {
			isa = PBXShellScriptBuildPhase;
			buildActionMask = 2147483647;
			files = (
			);
			inputPaths = (
				"${PODS_ROOT}/Target Support Files/Pods-ChorusRFLaptimer/Pods-ChorusRFLaptimer-frameworks.sh",
				"${BUILT_PRODUCTS_DIR}/ActionSheetPicker-3.0/ActionSheetPicker_3_0.framework",
				"${BUILT_PRODUCTS_DIR}/AudioPlayerSwift/AudioPlayer.framework",
				"${BUILT_PRODUCTS_DIR}/FZAccordionTableView/FZAccordionTableView.framework",
				"${BUILT_PRODUCTS_DIR}/GoogleUtilities/GoogleUtilities.framework",
				"${BUILT_PRODUCTS_DIR}/HCFramework/HCFramework.framework",
				"${BUILT_PRODUCTS_DIR}/IQKeyboardManagerSwift/IQKeyboardManagerSwift.framework",
				"${BUILT_PRODUCTS_DIR}/MKColorPicker/MKColorPicker.framework",
				"${BUILT_PRODUCTS_DIR}/PKHUD/PKHUD.framework",
				"${BUILT_PRODUCTS_DIR}/SwiftCSVExport/SwiftCSVExport.framework",
				"${BUILT_PRODUCTS_DIR}/SwiftChart/SwiftChart.framework",
				"${BUILT_PRODUCTS_DIR}/nanopb/nanopb.framework",
			);
			name = "[CP] Embed Pods Frameworks";
			outputPaths = (
				"${TARGET_BUILD_DIR}/${FRAMEWORKS_FOLDER_PATH}/ActionSheetPicker_3_0.framework",
				"${TARGET_BUILD_DIR}/${FRAMEWORKS_FOLDER_PATH}/AudioPlayer.framework",
				"${TARGET_BUILD_DIR}/${FRAMEWORKS_FOLDER_PATH}/FZAccordionTableView.framework",
				"${TARGET_BUILD_DIR}/${FRAMEWORKS_FOLDER_PATH}/GoogleUtilities.framework",
				"${TARGET_BUILD_DIR}/${FRAMEWORKS_FOLDER_PATH}/HCFramework.framework",
				"${TARGET_BUILD_DIR}/${FRAMEWORKS_FOLDER_PATH}/IQKeyboardManagerSwift.framework",
				"${TARGET_BUILD_DIR}/${FRAMEWORKS_FOLDER_PATH}/MKColorPicker.framework",
				"${TARGET_BUILD_DIR}/${FRAMEWORKS_FOLDER_PATH}/PKHUD.framework",
				"${TARGET_BUILD_DIR}/${FRAMEWORKS_FOLDER_PATH}/SwiftCSVExport.framework",
				"${TARGET_BUILD_DIR}/${FRAMEWORKS_FOLDER_PATH}/SwiftChart.framework",
				"${TARGET_BUILD_DIR}/${FRAMEWORKS_FOLDER_PATH}/nanopb.framework",
			);
			runOnlyForDeploymentPostprocessing = 0;
			shellPath = /bin/sh;
			shellScript = "\"${PODS_ROOT}/Target Support Files/Pods-ChorusRFLaptimer/Pods-ChorusRFLaptimer-frameworks.sh\"\n";
			showEnvVarsInLog = 0;
		};
/* End PBXShellScriptBuildPhase section */

/* Begin PBXSourcesBuildPhase section */
		7E8FA80E1F6ACFFD00F979BD /* Sources */ = {
			isa = PBXSourcesBuildPhase;
			buildActionMask = 2147483647;
			files = (
				7E45657A23688D270040DAFA /* BluetoothTVC.swift in Sources */,
				7E45655D23688D270040DAFA /* CRFMessageParser.swift in Sources */,
				7E45656523688D270040DAFA /* CRFLap.swift in Sources */,
				7E45656123688D270040DAFA /* CRFSendCommandManager.swift in Sources */,
				7E45656323688D270040DAFA /* BluetoothSerial.swift in Sources */,
				7E45657223688D270040DAFA /* SpectrumVC.swift in Sources */,
				7E45657723688D270040DAFA /* RacePilotTVC.swift in Sources */,
				7E45656023688D270040DAFA /* CRFUDPManager.swift in Sources */,
				7E45657323688D270040DAFA /* SetupVC.swift in Sources */,
				7E45657123688D270040DAFA /* FreqTVC.swift in Sources */,
				7E45655E23688D270040DAFA /* UDPBroadcastConnectionError.swift in Sources */,
				7E45655923688D270040DAFA /* Identifiers.swift in Sources */,
				7E45655F23688D270040DAFA /* UDPBroadcastConnection.swift in Sources */,
				7E45655C23688D270040DAFA /* CRFUtility.swift in Sources */,
				7E45656623688D270040DAFA /* CRFPilot.swift in Sources */,
				7E45657823688D270040DAFA /* RaceVC.swift in Sources */,
				7E45657423688D270040DAFA /* PilotVC.swift in Sources */,
				7E45657B23688D270040DAFA /* ConnectVC.swift in Sources */,
				7E45656423688D270040DAFA /* AppDelegate.swift in Sources */,
				7E45657923688D270040DAFA /* RacePilotLapTVC.swift in Sources */,
				7E45657023688D270040DAFA /* FreqVC.swift in Sources */,
				7E45655B23688D270040DAFA /* CSVExporter.swift in Sources */,
				7E45655A23688D270040DAFA /* CRFData.swift in Sources */,
				7E45657523688D270040DAFA /* PilotTVC.swift in Sources */,
				7E45656F23688D270040DAFA /* SplashVC.swift in Sources */,
				7E45656223688D270040DAFA /* CRFBTManager.swift in Sources */,
				7E45655823688D270040DAFA /* Constants.swift in Sources */,
				7E45657623688D270040DAFA /* GraphVC.swift in Sources */,
			);
			runOnlyForDeploymentPostprocessing = 0;
		};
/* End PBXSourcesBuildPhase section */

/* Begin XCBuildConfiguration section */
		7E8FA8381F6ACFFD00F979BD /* Debug */ = {
			isa = XCBuildConfiguration;
			buildSettings = {
				ALWAYS_SEARCH_USER_PATHS = NO;
				CLANG_ANALYZER_NONNULL = YES;
				CLANG_ANALYZER_NUMBER_OBJECT_CONVERSION = YES_AGGRESSIVE;
				CLANG_CXX_LANGUAGE_STANDARD = "gnu++0x";
				CLANG_CXX_LIBRARY = "libc++";
				CLANG_ENABLE_MODULES = YES;
				CLANG_ENABLE_OBJC_ARC = YES;
				CLANG_WARN_BLOCK_CAPTURE_AUTORELEASING = YES;
				CLANG_WARN_BOOL_CONVERSION = YES;
				CLANG_WARN_COMMA = YES;
				CLANG_WARN_CONSTANT_CONVERSION = YES;
				CLANG_WARN_DIRECT_OBJC_ISA_USAGE = YES_ERROR;
				CLANG_WARN_DOCUMENTATION_COMMENTS = YES;
				CLANG_WARN_EMPTY_BODY = YES;
				CLANG_WARN_ENUM_CONVERSION = YES;
				CLANG_WARN_INFINITE_RECURSION = YES;
				CLANG_WARN_INT_CONVERSION = YES;
				CLANG_WARN_NON_LITERAL_NULL_CONVERSION = YES;
				CLANG_WARN_OBJC_LITERAL_CONVERSION = YES;
				CLANG_WARN_OBJC_ROOT_CLASS = YES_ERROR;
				CLANG_WARN_RANGE_LOOP_ANALYSIS = YES;
				CLANG_WARN_STRICT_PROTOTYPES = YES;
				CLANG_WARN_SUSPICIOUS_MOVE = YES;
				CLANG_WARN_UNREACHABLE_CODE = YES;
				CLANG_WARN__DUPLICATE_METHOD_MATCH = YES;
				"CODE_SIGN_IDENTITY[sdk=iphoneos*]" = "iPhone Developer";
				COPY_PHASE_STRIP = NO;
				DEBUG_INFORMATION_FORMAT = dwarf;
				ENABLE_STRICT_OBJC_MSGSEND = YES;
				ENABLE_TESTABILITY = YES;
				GCC_C_LANGUAGE_STANDARD = gnu99;
				GCC_DYNAMIC_NO_PIC = NO;
				GCC_NO_COMMON_BLOCKS = YES;
				GCC_OPTIMIZATION_LEVEL = 0;
				GCC_PREPROCESSOR_DEFINITIONS = (
					"DEBUG=1",
					"$(inherited)",
				);
				GCC_WARN_64_TO_32_BIT_CONVERSION = YES;
				GCC_WARN_ABOUT_RETURN_TYPE = YES_ERROR;
				GCC_WARN_UNDECLARED_SELECTOR = YES;
				GCC_WARN_UNINITIALIZED_AUTOS = YES_AGGRESSIVE;
				GCC_WARN_UNUSED_FUNCTION = YES;
				GCC_WARN_UNUSED_VARIABLE = YES;
				IPHONEOS_DEPLOYMENT_TARGET = 10.3;
				MTL_ENABLE_DEBUG_INFO = YES;
				ONLY_ACTIVE_ARCH = YES;
				SDKROOT = iphoneos;
				SWIFT_ACTIVE_COMPILATION_CONDITIONS = DEBUG;
				SWIFT_OPTIMIZATION_LEVEL = "-Onone";
				TARGETED_DEVICE_FAMILY = "1,2";
			};
			name = Debug;
		};
		7E8FA8391F6ACFFD00F979BD /* Release */ = {
			isa = XCBuildConfiguration;
			buildSettings = {
				ALWAYS_SEARCH_USER_PATHS = NO;
				CLANG_ANALYZER_NONNULL = YES;
				CLANG_ANALYZER_NUMBER_OBJECT_CONVERSION = YES_AGGRESSIVE;
				CLANG_CXX_LANGUAGE_STANDARD = "gnu++0x";
				CLANG_CXX_LIBRARY = "libc++";
				CLANG_ENABLE_MODULES = YES;
				CLANG_ENABLE_OBJC_ARC = YES;
				CLANG_WARN_BLOCK_CAPTURE_AUTORELEASING = YES;
				CLANG_WARN_BOOL_CONVERSION = YES;
				CLANG_WARN_COMMA = YES;
				CLANG_WARN_CONSTANT_CONVERSION = YES;
				CLANG_WARN_DIRECT_OBJC_ISA_USAGE = YES_ERROR;
				CLANG_WARN_DOCUMENTATION_COMMENTS = YES;
				CLANG_WARN_EMPTY_BODY = YES;
				CLANG_WARN_ENUM_CONVERSION = YES;
				CLANG_WARN_INFINITE_RECURSION = YES;
				CLANG_WARN_INT_CONVERSION = YES;
				CLANG_WARN_NON_LITERAL_NULL_CONVERSION = YES;
				CLANG_WARN_OBJC_LITERAL_CONVERSION = YES;
				CLANG_WARN_OBJC_ROOT_CLASS = YES_ERROR;
				CLANG_WARN_RANGE_LOOP_ANALYSIS = YES;
				CLANG_WARN_STRICT_PROTOTYPES = YES;
				CLANG_WARN_SUSPICIOUS_MOVE = YES;
				CLANG_WARN_UNREACHABLE_CODE = YES;
				CLANG_WARN__DUPLICATE_METHOD_MATCH = YES;
				"CODE_SIGN_IDENTITY[sdk=iphoneos*]" = "iPhone Developer";
				COPY_PHASE_STRIP = NO;
				DEBUG_INFORMATION_FORMAT = "dwarf-with-dsym";
				ENABLE_NS_ASSERTIONS = NO;
				ENABLE_STRICT_OBJC_MSGSEND = YES;
				GCC_C_LANGUAGE_STANDARD = gnu99;
				GCC_NO_COMMON_BLOCKS = YES;
				GCC_WARN_64_TO_32_BIT_CONVERSION = YES;
				GCC_WARN_ABOUT_RETURN_TYPE = YES_ERROR;
				GCC_WARN_UNDECLARED_SELECTOR = YES;
				GCC_WARN_UNINITIALIZED_AUTOS = YES_AGGRESSIVE;
				GCC_WARN_UNUSED_FUNCTION = YES;
				GCC_WARN_UNUSED_VARIABLE = YES;
				IPHONEOS_DEPLOYMENT_TARGET = 10.3;
				MTL_ENABLE_DEBUG_INFO = NO;
				SDKROOT = iphoneos;
				SWIFT_OPTIMIZATION_LEVEL = "-Owholemodule";
				TARGETED_DEVICE_FAMILY = "1,2";
				VALIDATE_PRODUCT = YES;
			};
			name = Release;
		};
		7E8FA83B1F6ACFFD00F979BD /* Debug */ = {
			isa = XCBuildConfiguration;
			baseConfigurationReference = 0E4A5C360833742CD9915EC7 /* Pods-ChorusRFLaptimer.debug.xcconfig */;
			buildSettings = {
				ASSETCATALOG_COMPILER_APPICON_NAME = AppIcon;
				CODE_SIGN_ENTITLEMENTS = "ChorusRFLaptimer/Chorus Lap.entitlements";
				DEBUG_INFORMATION_FORMAT = "dwarf-with-dsym";
				DEVELOPMENT_TEAM = E5FYD94489;
				INFOPLIST_FILE = "$(SRCROOT)/ChorusRFLaptimer/Targets/Dev/Info.plist";
				IPHONEOS_DEPLOYMENT_TARGET = 10.0;
				LD_RUNPATH_SEARCH_PATHS = "$(inherited) @executable_path/Frameworks";
				PRODUCT_BUNDLE_IDENTIFIER = com.hypercubesoft.ChorusRFLaptimer;
				PRODUCT_NAME = "Chorus Lap";
				SWIFT_VERSION = 5.0;
			};
			name = Debug;
		};
		7E8FA83C1F6ACFFD00F979BD /* Release */ = {
			isa = XCBuildConfiguration;
			baseConfigurationReference = 483B357FE00DBB3AF2C62157 /* Pods-ChorusRFLaptimer.release.xcconfig */;
			buildSettings = {
				ASSETCATALOG_COMPILER_APPICON_NAME = AppIcon;
				CODE_SIGN_ENTITLEMENTS = "ChorusRFLaptimer/Chorus Lap.entitlements";
				DEVELOPMENT_TEAM = E5FYD94489;
				INFOPLIST_FILE = "$(SRCROOT)/ChorusRFLaptimer/Targets/Dev/Info.plist";
				IPHONEOS_DEPLOYMENT_TARGET = 10.0;
				LD_RUNPATH_SEARCH_PATHS = "$(inherited) @executable_path/Frameworks";
				PRODUCT_BUNDLE_IDENTIFIER = com.hypercubesoft.ChorusRFLaptimer;
				PRODUCT_NAME = "Chorus Lap";
				SWIFT_VERSION = 5.0;
			};
			name = Release;
		};
/* End XCBuildConfiguration section */

/* Begin XCConfigurationList section */
		7E8FA80D1F6ACFFD00F979BD /* Build configuration list for PBXProject "ChorusRFLaptimer" */ = {
			isa = XCConfigurationList;
			buildConfigurations = (
				7E8FA8381F6ACFFD00F979BD /* Debug */,
				7E8FA8391F6ACFFD00F979BD /* Release */,
			);
			defaultConfigurationIsVisible = 0;
			defaultConfigurationName = Release;
		};
		7E8FA83A1F6ACFFD00F979BD /* Build configuration list for PBXNativeTarget "ChorusRFLaptimer" */ = {
			isa = XCConfigurationList;
			buildConfigurations = (
				7E8FA83B1F6ACFFD00F979BD /* Debug */,
				7E8FA83C1F6ACFFD00F979BD /* Release */,
			);
			defaultConfigurationIsVisible = 0;
			defaultConfigurationName = Release;
		};
/* End XCConfigurationList section */
	};
	rootObject = 7E8FA80A1F6ACFFD00F979BD /* Project object */;
}
